
Microsoft Visual Studio Solution File, Format Version 12.00
# Visual Studio Version 17
VisualStudioVersion = 17.1.32414.318
MinimumVisualStudioVersion = 10.0.40219.1
Project("{FAE04EC0-301F-11D3-BF4B-00C04F79EFBC}") = "Tests", "Tests\Tests.csproj", "{13D65C93-D829-479F-A531-C690AC89187D}"
EndProject
Global
	GlobalSection(SolutionConfigurationPlatforms) = preSolution
		Debug|Any CPU = Debug|Any CPU
		Release|Any CPU = Release|Any CPU
	EndGlobalSection
	GlobalSection(ProjectConfigurationPlatforms) = postSolution
		{13D65C93-D829-479F-A531-C690AC89187D}.Debug|Any CPU.ActiveCfg = Debug|Any CPU
		{13D65C93-D829-479F-A531-C690AC89187D}.Debug|Any CPU.Build.0 = Debug|Any CPU
		{13D65C93-D829-479F-A531-C690AC89187D}.Release|Any CPU.ActiveCfg = Release|Any CPU
		{13D65C93-D829-479F-A531-C690AC89187D}.Release|Any CPU.Build.0 = Release|Any CPU
	EndGlobalSection
	GlobalSection(SolutionProperties) = preSolution
		HideSolutionNode = FALSE
	EndGlobalSection
	GlobalSection(ExtensibilityGlobals) = postSolution
		SolutionGuid = {380C461E-B22E-4917-A2B8-9C7285449B91}
	EndGlobalSection
EndGlobal
